// !$*UTF8*$!
{
	archiveVersion = 1;
	classes = {
	};
	objectVersion = 50;
	objects = {

/* Begin PBXBuildFile section */
		6C29EF6D23FA5DEE00E78A39 /* GFItemInfoVC.swift in Sources */ = {isa = PBXBuildFile; fileRef = 6C29EF6C23FA5DEE00E78A39 /* GFItemInfoVC.swift */; };
		6C29EF6F23FA602700E78A39 /* GFRepoItemVC.swift in Sources */ = {isa = PBXBuildFile; fileRef = 6C29EF6E23FA602700E78A39 /* GFRepoItemVC.swift */; };
		6C29EF7123FA61D800E78A39 /* GFFollowerItemVC.swift in Sources */ = {isa = PBXBuildFile; fileRef = 6C29EF7023FA61D800E78A39 /* GFFollowerItemVC.swift */; };
		6C29EF7423FA662A00E78A39 /* Date+Ext.swift in Sources */ = {isa = PBXBuildFile; fileRef = 6C29EF7323FA662A00E78A39 /* Date+Ext.swift */; };
		6C2A7078240B6C06008DC368 /* PersistenceManager.swift in Sources */ = {isa = PBXBuildFile; fileRef = 6C2A7077240B6C06008DC368 /* PersistenceManager.swift */; };
		6C2A707A240B748E008DC368 /* FavoriteCell.swift in Sources */ = {isa = PBXBuildFile; fileRef = 6C2A7079240B748E008DC368 /* FavoriteCell.swift */; };
		6C398D1E23F63A170084CE2D /* UIView+Ext.swift in Sources */ = {isa = PBXBuildFile; fileRef = 6C398D1D23F63A170084CE2D /* UIView+Ext.swift */; };
		6C398D2023F65AE00084CE2D /* GFItemInfoView.swift in Sources */ = {isa = PBXBuildFile; fileRef = 6C398D1F23F65AE00084CE2D /* GFItemInfoView.swift */; };
		6C5433EC23F4DFEF00E4153D /* GFUserInfoHeaderVC.swift in Sources */ = {isa = PBXBuildFile; fileRef = 6C5433EB23F4DFEF00E4153D /* GFUserInfoHeaderVC.swift */; };
		6C5433EE23F4E02100E4153D /* GFSecondaryTitleLabel.swift in Sources */ = {isa = PBXBuildFile; fileRef = 6C5433ED23F4E02100E4153D /* GFSecondaryTitleLabel.swift */; };
		6C5433F023F4E74700E4153D /* Constants.swift in Sources */ = {isa = PBXBuildFile; fileRef = 6C5433EF23F4E74700E4153D /* Constants.swift */; };
		6C65063823B85BF500A3712C /* AppDelegate.swift in Sources */ = {isa = PBXBuildFile; fileRef = 6C65063723B85BF500A3712C /* AppDelegate.swift */; };
		6C65063A23B85BF500A3712C /* SceneDelegate.swift in Sources */ = {isa = PBXBuildFile; fileRef = 6C65063923B85BF500A3712C /* SceneDelegate.swift */; };
		6C65064123B85BF700A3712C /* Assets.xcassets in Resources */ = {isa = PBXBuildFile; fileRef = 6C65064023B85BF700A3712C /* Assets.xcassets */; };
		6C65064423B85BF700A3712C /* LaunchScreen.storyboard in Resources */ = {isa = PBXBuildFile; fileRef = 6C65064223B85BF700A3712C /* LaunchScreen.storyboard */; };
		6C65064C23B8610200A3712C /* SearchVC.swift in Sources */ = {isa = PBXBuildFile; fileRef = 6C65064B23B8610200A3712C /* SearchVC.swift */; };
		6C65064E23B8613500A3712C /* FavoritesListVC.swift in Sources */ = {isa = PBXBuildFile; fileRef = 6C65064D23B8613500A3712C /* FavoritesListVC.swift */; };
		6C65065023B8647700A3712C /* GFButton.swift in Sources */ = {isa = PBXBuildFile; fileRef = 6C65064F23B8647700A3712C /* GFButton.swift */; };
		6C65065223B866F800A3712C /* GFTextField.swift in Sources */ = {isa = PBXBuildFile; fileRef = 6C65065123B866F800A3712C /* GFTextField.swift */; };
		6C70FFF3240B94B6009F9CF3 /* GFTabBarController.swift in Sources */ = {isa = PBXBuildFile; fileRef = 6C70FFF2240B94B6009F9CF3 /* GFTabBarController.swift */; };
		6C70FFF5240B9DC5009F9CF3 /* GFAlertContainerView.swift in Sources */ = {isa = PBXBuildFile; fileRef = 6C70FFF4240B9DC5009F9CF3 /* GFAlertContainerView.swift */; };
		6C70FFF7240BA487009F9CF3 /* GFDataLoadingVC.swift in Sources */ = {isa = PBXBuildFile; fileRef = 6C70FFF6240BA487009F9CF3 /* GFDataLoadingVC.swift */; };
		6C89C6F823BC29A500D438BE /* FollowerListVC.swift in Sources */ = {isa = PBXBuildFile; fileRef = 6C89C6F723BC29A500D438BE /* FollowerListVC.swift */; };
		6C89C6FA23BC2D3E00D438BE /* String+Ext.swift in Sources */ = {isa = PBXBuildFile; fileRef = 6C89C6F923BC2D3E00D438BE /* String+Ext.swift */; };
		6C89C6FC23BC34B500D438BE /* GFTitleLabel.swift in Sources */ = {isa = PBXBuildFile; fileRef = 6C89C6FB23BC34B500D438BE /* GFTitleLabel.swift */; };
		6C89C6FE23BC35DB00D438BE /* GFBodyLabel.swift in Sources */ = {isa = PBXBuildFile; fileRef = 6C89C6FD23BC35DB00D438BE /* GFBodyLabel.swift */; };
		6C89C70023BC369200D438BE /* GFAlertVC.swift in Sources */ = {isa = PBXBuildFile; fileRef = 6C89C6FF23BC369200D438BE /* GFAlertVC.swift */; };
		6C89C70223BC3D3A00D438BE /* UIViewController+Ext.swift in Sources */ = {isa = PBXBuildFile; fileRef = 6C89C70123BC3D3A00D438BE /* UIViewController+Ext.swift */; };
		6C8C2B2A23CD671F00DD8FCF /* GFEmptyStateView.swift in Sources */ = {isa = PBXBuildFile; fileRef = 6C8C2B2923CD671F00DD8FCF /* GFEmptyStateView.swift */; };
		6C8C2B2C23CD7C4800DD8FCF /* UserInfoVC.swift in Sources */ = {isa = PBXBuildFile; fileRef = 6C8C2B2B23CD7C4800DD8FCF /* UserInfoVC.swift */; };
		6C8C2B2E23CD81E500DD8FCF /* GFError.swift in Sources */ = {isa = PBXBuildFile; fileRef = 6C8C2B2D23CD81E500DD8FCF /* GFError.swift */; };
		6CB6536123C18770003718F4 /* Follower.swift in Sources */ = {isa = PBXBuildFile; fileRef = 6CB6536023C18770003718F4 /* Follower.swift */; };
		6CB6536323C187EB003718F4 /* User.swift in Sources */ = {isa = PBXBuildFile; fileRef = 6CB6536223C187EB003718F4 /* User.swift */; };
		6CB6536623C18B25003718F4 /* NetworkManager.swift in Sources */ = {isa = PBXBuildFile; fileRef = 6CB6536523C18B25003718F4 /* NetworkManager.swift */; };
		6CD5143C23CC0A3100D533D8 /* FollowerCell.swift in Sources */ = {isa = PBXBuildFile; fileRef = 6CD5143B23CC0A3100D533D8 /* FollowerCell.swift */; };
		6CD5143E23CC0A8900D533D8 /* GFAvatarImageView.swift in Sources */ = {isa = PBXBuildFile; fileRef = 6CD5143D23CC0A8900D533D8 /* GFAvatarImageView.swift */; };
		6CD5144023CC2F9100D533D8 /* UIHelper.swift in Sources */ = {isa = PBXBuildFile; fileRef = 6CD5143F23CC2F9100D533D8 /* UIHelper.swift */; };
		6CEE0097240CC3370079BD7B /* UITableView+Ext.swift in Sources */ = {isa = PBXBuildFile; fileRef = 6CEE0096240CC3370079BD7B /* UITableView+Ext.swift */; };
/* End PBXBuildFile section */

/* Begin PBXFileReference section */
		6C29EF6C23FA5DEE00E78A39 /* GFItemInfoVC.swift */ = {isa = PBXFileReference; lastKnownFileType = sourcecode.swift; path = GFItemInfoVC.swift; sourceTree = "<group>"; };
		6C29EF6E23FA602700E78A39 /* GFRepoItemVC.swift */ = {isa = PBXFileReference; lastKnownFileType = sourcecode.swift; path = GFRepoItemVC.swift; sourceTree = "<group>"; };
		6C29EF7023FA61D800E78A39 /* GFFollowerItemVC.swift */ = {isa = PBXFileReference; lastKnownFileType = sourcecode.swift; path = GFFollowerItemVC.swift; sourceTree = "<group>"; };
		6C29EF7323FA662A00E78A39 /* Date+Ext.swift */ = {isa = PBXFileReference; lastKnownFileType = sourcecode.swift; path = "Date+Ext.swift"; sourceTree = "<group>"; };
		6C2A7077240B6C06008DC368 /* PersistenceManager.swift */ = {isa = PBXFileReference; lastKnownFileType = sourcecode.swift; path = PersistenceManager.swift; sourceTree = "<group>"; };
		6C2A7079240B748E008DC368 /* FavoriteCell.swift */ = {isa = PBXFileReference; lastKnownFileType = sourcecode.swift; path = FavoriteCell.swift; sourceTree = "<group>"; };
		6C398D1D23F63A170084CE2D /* UIView+Ext.swift */ = {isa = PBXFileReference; lastKnownFileType = sourcecode.swift; path = "UIView+Ext.swift"; sourceTree = "<group>"; };
		6C398D1F23F65AE00084CE2D /* GFItemInfoView.swift */ = {isa = PBXFileReference; lastKnownFileType = sourcecode.swift; path = GFItemInfoView.swift; sourceTree = "<group>"; };
		6C5433EB23F4DFEF00E4153D /* GFUserInfoHeaderVC.swift */ = {isa = PBXFileReference; lastKnownFileType = sourcecode.swift; path = GFUserInfoHeaderVC.swift; sourceTree = "<group>"; };
		6C5433ED23F4E02100E4153D /* GFSecondaryTitleLabel.swift */ = {isa = PBXFileReference; lastKnownFileType = sourcecode.swift; path = GFSecondaryTitleLabel.swift; sourceTree = "<group>"; };
		6C5433EF23F4E74700E4153D /* Constants.swift */ = {isa = PBXFileReference; lastKnownFileType = sourcecode.swift; path = Constants.swift; sourceTree = "<group>"; };
		6C65063423B85BF500A3712C /* GHFollowers.app */ = {isa = PBXFileReference; explicitFileType = wrapper.application; includeInIndex = 0; path = GHFollowers.app; sourceTree = BUILT_PRODUCTS_DIR; };
		6C65063723B85BF500A3712C /* AppDelegate.swift */ = {isa = PBXFileReference; lastKnownFileType = sourcecode.swift; path = AppDelegate.swift; sourceTree = "<group>"; };
		6C65063923B85BF500A3712C /* SceneDelegate.swift */ = {isa = PBXFileReference; lastKnownFileType = sourcecode.swift; path = SceneDelegate.swift; sourceTree = "<group>"; };
		6C65064023B85BF700A3712C /* Assets.xcassets */ = {isa = PBXFileReference; lastKnownFileType = folder.assetcatalog; path = Assets.xcassets; sourceTree = "<group>"; };
		6C65064323B85BF700A3712C /* Base */ = {isa = PBXFileReference; lastKnownFileType = file.storyboard; name = Base; path = Base.lproj/LaunchScreen.storyboard; sourceTree = "<group>"; };
		6C65064523B85BF700A3712C /* Info.plist */ = {isa = PBXFileReference; lastKnownFileType = text.plist.xml; path = Info.plist; sourceTree = "<group>"; };
		6C65064B23B8610200A3712C /* SearchVC.swift */ = {isa = PBXFileReference; lastKnownFileType = sourcecode.swift; path = SearchVC.swift; sourceTree = "<group>"; };
		6C65064D23B8613500A3712C /* FavoritesListVC.swift */ = {isa = PBXFileReference; lastKnownFileType = sourcecode.swift; path = FavoritesListVC.swift; sourceTree = "<group>"; };
		6C65064F23B8647700A3712C /* GFButton.swift */ = {isa = PBXFileReference; lastKnownFileType = sourcecode.swift; path = GFButton.swift; sourceTree = "<group>"; };
		6C65065123B866F800A3712C /* GFTextField.swift */ = {isa = PBXFileReference; lastKnownFileType = sourcecode.swift; path = GFTextField.swift; sourceTree = "<group>"; };
		6C70FFF2240B94B6009F9CF3 /* GFTabBarController.swift */ = {isa = PBXFileReference; lastKnownFileType = sourcecode.swift; path = GFTabBarController.swift; sourceTree = "<group>"; };
		6C70FFF4240B9DC5009F9CF3 /* GFAlertContainerView.swift */ = {isa = PBXFileReference; lastKnownFileType = sourcecode.swift; path = GFAlertContainerView.swift; sourceTree = "<group>"; };
		6C70FFF6240BA487009F9CF3 /* GFDataLoadingVC.swift */ = {isa = PBXFileReference; lastKnownFileType = sourcecode.swift; path = GFDataLoadingVC.swift; sourceTree = "<group>"; };
		6C89C6F723BC29A500D438BE /* FollowerListVC.swift */ = {isa = PBXFileReference; lastKnownFileType = sourcecode.swift; path = FollowerListVC.swift; sourceTree = "<group>"; };
		6C89C6F923BC2D3E00D438BE /* String+Ext.swift */ = {isa = PBXFileReference; lastKnownFileType = sourcecode.swift; path = "String+Ext.swift"; sourceTree = "<group>"; };
		6C89C6FB23BC34B500D438BE /* GFTitleLabel.swift */ = {isa = PBXFileReference; lastKnownFileType = sourcecode.swift; path = GFTitleLabel.swift; sourceTree = "<group>"; };
		6C89C6FD23BC35DB00D438BE /* GFBodyLabel.swift */ = {isa = PBXFileReference; lastKnownFileType = sourcecode.swift; path = GFBodyLabel.swift; sourceTree = "<group>"; };
		6C89C6FF23BC369200D438BE /* GFAlertVC.swift */ = {isa = PBXFileReference; lastKnownFileType = sourcecode.swift; path = GFAlertVC.swift; sourceTree = "<group>"; };
		6C89C70123BC3D3A00D438BE /* UIViewController+Ext.swift */ = {isa = PBXFileReference; lastKnownFileType = sourcecode.swift; path = "UIViewController+Ext.swift"; sourceTree = "<group>"; };
		6C8C2B2923CD671F00DD8FCF /* GFEmptyStateView.swift */ = {isa = PBXFileReference; lastKnownFileType = sourcecode.swift; path = GFEmptyStateView.swift; sourceTree = "<group>"; };
		6C8C2B2B23CD7C4800DD8FCF /* UserInfoVC.swift */ = {isa = PBXFileReference; lastKnownFileType = sourcecode.swift; path = UserInfoVC.swift; sourceTree = "<group>"; };
		6C8C2B2D23CD81E500DD8FCF /* GFError.swift */ = {isa = PBXFileReference; lastKnownFileType = sourcecode.swift; path = GFError.swift; sourceTree = "<group>"; };
		6CB6536023C18770003718F4 /* Follower.swift */ = {isa = PBXFileReference; lastKnownFileType = sourcecode.swift; path = Follower.swift; sourceTree = "<group>"; };
		6CB6536223C187EB003718F4 /* User.swift */ = {isa = PBXFileReference; lastKnownFileType = sourcecode.swift; path = User.swift; sourceTree = "<group>"; };
		6CB6536523C18B25003718F4 /* NetworkManager.swift */ = {isa = PBXFileReference; lastKnownFileType = sourcecode.swift; path = NetworkManager.swift; sourceTree = "<group>"; };
		6CD5143B23CC0A3100D533D8 /* FollowerCell.swift */ = {isa = PBXFileReference; lastKnownFileType = sourcecode.swift; path = FollowerCell.swift; sourceTree = "<group>"; };
		6CD5143D23CC0A8900D533D8 /* GFAvatarImageView.swift */ = {isa = PBXFileReference; lastKnownFileType = sourcecode.swift; path = GFAvatarImageView.swift; sourceTree = "<group>"; };
		6CD5143F23CC2F9100D533D8 /* UIHelper.swift */ = {isa = PBXFileReference; lastKnownFileType = sourcecode.swift; path = UIHelper.swift; sourceTree = "<group>"; };
		6CEE0096240CC3370079BD7B /* UITableView+Ext.swift */ = {isa = PBXFileReference; lastKnownFileType = sourcecode.swift; path = "UITableView+Ext.swift"; sourceTree = "<group>"; };
/* End PBXFileReference section */

/* Begin PBXFrameworksBuildPhase section */
		6C65063123B85BF500A3712C /* Frameworks */ = {
			isa = PBXFrameworksBuildPhase;
			buildActionMask = 2147483647;
			files = (
			);
			runOnlyForDeploymentPostprocessing = 0;
		};
/* End PBXFrameworksBuildPhase section */

/* Begin PBXGroup section */
		6C29EF7223FA624100E78A39 /* ItemInfoVC */ = {
			isa = PBXGroup;
			children = (
				6C29EF6C23FA5DEE00E78A39 /* GFItemInfoVC.swift */,
				6C29EF6E23FA602700E78A39 /* GFRepoItemVC.swift */,
				6C29EF7023FA61D800E78A39 /* GFFollowerItemVC.swift */,
			);
			path = ItemInfoVC;
			sourceTree = "<group>";
		};
		6C65062B23B85BF500A3712C = {
			isa = PBXGroup;
			children = (
				6C65063623B85BF500A3712C /* GHFollowers */,
				6C65063523B85BF500A3712C /* Products */,
			);
			sourceTree = "<group>";
		};
		6C65063523B85BF500A3712C /* Products */ = {
			isa = PBXGroup;
			children = (
				6C65063423B85BF500A3712C /* GHFollowers.app */,
			);
			name = Products;
			sourceTree = "<group>";
		};
		6C65063623B85BF500A3712C /* GHFollowers */ = {
			isa = PBXGroup;
			children = (
				6CB6536723C190F4003718F4 /* Utilities */,
				6CB6536423C18B17003718F4 /* Managers */,
				6CB6535F23C18759003718F4 /* Model */,
				6C65065323B86C3800A3712C /* Screens */,
				6C89C70323BC45CA00D438BE /* Custom VIews */,
				6C89C70423BC45FD00D438BE /* Extension */,
				6C89C70523BC464800D438BE /* Support */,
				6C65064523B85BF700A3712C /* Info.plist */,
			);
			path = GHFollowers;
			sourceTree = "<group>";
		};
		6C65065323B86C3800A3712C /* Screens */ = {
			isa = PBXGroup;
			children = (
				6C65064B23B8610200A3712C /* SearchVC.swift */,
				6C65064D23B8613500A3712C /* FavoritesListVC.swift */,
				6C89C6F723BC29A500D438BE /* FollowerListVC.swift */,
				6C8C2B2B23CD7C4800DD8FCF /* UserInfoVC.swift */,
			);
			path = Screens;
			sourceTree = "<group>";
		};
		6C70FFF1240B9499009F9CF3 /* TabBarControllers */ = {
			isa = PBXGroup;
			children = (
				6C70FFF2240B94B6009F9CF3 /* GFTabBarController.swift */,
			);
			path = TabBarControllers;
			sourceTree = "<group>";
		};
		6C89C70323BC45CA00D438BE /* Custom VIews */ = {
			isa = PBXGroup;
			children = (
				6C70FFF1240B9499009F9CF3 /* TabBarControllers */,
				6C8C2B2823CD66DA00DD8FCF /* Labels */,
				6C8C2B2723CD66C200DD8FCF /* ViewControllers */,
				6C8C2B2623CD66BB00DD8FCF /* ImageViews */,
				6C8C2B2523CD66B400DD8FCF /* TextFields */,
				6C8C2B2423CD66AE00DD8FCF /* Buttons */,
				6C8C2B2323CD66A500DD8FCF /* Views */,
				6CD5143A23CC0A1A00D533D8 /* Cell */,
			);
			path = "Custom VIews";
			sourceTree = "<group>";
		};
		6C89C70423BC45FD00D438BE /* Extension */ = {
			isa = PBXGroup;
			children = (
				6C89C6F923BC2D3E00D438BE /* String+Ext.swift */,
				6C89C70123BC3D3A00D438BE /* UIViewController+Ext.swift */,
				6C398D1D23F63A170084CE2D /* UIView+Ext.swift */,
				6C29EF7323FA662A00E78A39 /* Date+Ext.swift */,
				6CEE0096240CC3370079BD7B /* UITableView+Ext.swift */,
			);
			path = Extension;
			sourceTree = "<group>";
		};
		6C89C70523BC464800D438BE /* Support */ = {
			isa = PBXGroup;
			children = (
				6C65063723B85BF500A3712C /* AppDelegate.swift */,
				6C65063923B85BF500A3712C /* SceneDelegate.swift */,
				6C65064023B85BF700A3712C /* Assets.xcassets */,
				6C65064223B85BF700A3712C /* LaunchScreen.storyboard */,
			);
			path = Support;
			sourceTree = "<group>";
		};
		6C8C2B2323CD66A500DD8FCF /* Views */ = {
			isa = PBXGroup;
			children = (
				6C8C2B2923CD671F00DD8FCF /* GFEmptyStateView.swift */,
				6C398D1F23F65AE00084CE2D /* GFItemInfoView.swift */,
				6C70FFF4240B9DC5009F9CF3 /* GFAlertContainerView.swift */,
			);
			path = Views;
			sourceTree = "<group>";
		};
		6C8C2B2423CD66AE00DD8FCF /* Buttons */ = {
			isa = PBXGroup;
			children = (
				6C65064F23B8647700A3712C /* GFButton.swift */,
			);
			path = Buttons;
			sourceTree = "<group>";
		};
		6C8C2B2523CD66B400DD8FCF /* TextFields */ = {
			isa = PBXGroup;
			children = (
				6C65065123B866F800A3712C /* GFTextField.swift */,
			);
			path = TextFields;
			sourceTree = "<group>";
		};
		6C8C2B2623CD66BB00DD8FCF /* ImageViews */ = {
			isa = PBXGroup;
			children = (
				6CD5143D23CC0A8900D533D8 /* GFAvatarImageView.swift */,
			);
			path = ImageViews;
			sourceTree = "<group>";
		};
		6C8C2B2723CD66C200DD8FCF /* ViewControllers */ = {
			isa = PBXGroup;
			children = (
				6C29EF7223FA624100E78A39 /* ItemInfoVC */,
				6C89C6FF23BC369200D438BE /* GFAlertVC.swift */,
				6C5433EB23F4DFEF00E4153D /* GFUserInfoHeaderVC.swift */,
				6C70FFF6240BA487009F9CF3 /* GFDataLoadingVC.swift */,
			);
			path = ViewControllers;
			sourceTree = "<group>";
		};
		6C8C2B2823CD66DA00DD8FCF /* Labels */ = {
			isa = PBXGroup;
			children = (
				6C89C6FB23BC34B500D438BE /* GFTitleLabel.swift */,
				6C89C6FD23BC35DB00D438BE /* GFBodyLabel.swift */,
				6C5433ED23F4E02100E4153D /* GFSecondaryTitleLabel.swift */,
			);
			path = Labels;
			sourceTree = "<group>";
		};
		6CB6535F23C18759003718F4 /* Model */ = {
			isa = PBXGroup;
			children = (
				6CB6536023C18770003718F4 /* Follower.swift */,
				6CB6536223C187EB003718F4 /* User.swift */,
			);
			path = Model;
			sourceTree = "<group>";
		};
		6CB6536423C18B17003718F4 /* Managers */ = {
			isa = PBXGroup;
			children = (
				6CB6536523C18B25003718F4 /* NetworkManager.swift */,
				6C2A7077240B6C06008DC368 /* PersistenceManager.swift */,
			);
			path = Managers;
			sourceTree = "<group>";
		};
		6CB6536723C190F4003718F4 /* Utilities */ = {
			isa = PBXGroup;
			children = (
				6CD5143F23CC2F9100D533D8 /* UIHelper.swift */,
				6C8C2B2D23CD81E500DD8FCF /* GFError.swift */,
				6C5433EF23F4E74700E4153D /* Constants.swift */,
			);
			path = Utilities;
			sourceTree = "<group>";
		};
		6CD5143A23CC0A1A00D533D8 /* Cell */ = {
			isa = PBXGroup;
			children = (
				6CD5143B23CC0A3100D533D8 /* FollowerCell.swift */,
				6C2A7079240B748E008DC368 /* FavoriteCell.swift */,
			);
			path = Cell;
			sourceTree = "<group>";
		};
/* End PBXGroup section */

/* Begin PBXNativeTarget section */
		6C65063323B85BF500A3712C /* GHFollowers */ = {
			isa = PBXNativeTarget;
			buildConfigurationList = 6C65064823B85BF700A3712C /* Build configuration list for PBXNativeTarget "GHFollowers" */;
			buildPhases = (
				6C65063023B85BF500A3712C /* Sources */,
				6C65063123B85BF500A3712C /* Frameworks */,
				6C65063223B85BF500A3712C /* Resources */,
			);
			buildRules = (
			);
			dependencies = (
			);
			name = GHFollowers;
			productName = GHFollowers;
			productReference = 6C65063423B85BF500A3712C /* GHFollowers.app */;
			productType = "com.apple.product-type.application";
		};
/* End PBXNativeTarget section */

/* Begin PBXProject section */
		6C65062C23B85BF500A3712C /* Project object */ = {
			isa = PBXProject;
			attributes = {
				LastSwiftUpdateCheck = 1130;
				LastUpgradeCheck = 1130;
				ORGANIZATIONNAME = SonnerStudio;
				TargetAttributes = {
					6C65063323B85BF500A3712C = {
						CreatedOnToolsVersion = 11.3;
					};
				};
			};
			buildConfigurationList = 6C65062F23B85BF500A3712C /* Build configuration list for PBXProject "GHFollowers" */;
			compatibilityVersion = "Xcode 9.3";
			developmentRegion = en;
			hasScannedForEncodings = 0;
			knownRegions = (
				en,
				Base,
			);
			mainGroup = 6C65062B23B85BF500A3712C;
			productRefGroup = 6C65063523B85BF500A3712C /* Products */;
			projectDirPath = "";
			projectRoot = "";
			targets = (
				6C65063323B85BF500A3712C /* GHFollowers */,
			);
		};
/* End PBXProject section */

/* Begin PBXResourcesBuildPhase section */
		6C65063223B85BF500A3712C /* Resources */ = {
			isa = PBXResourcesBuildPhase;
			buildActionMask = 2147483647;
			files = (
				6C65064423B85BF700A3712C /* LaunchScreen.storyboard in Resources */,
				6C65064123B85BF700A3712C /* Assets.xcassets in Resources */,
			);
			runOnlyForDeploymentPostprocessing = 0;
		};
/* End PBXResourcesBuildPhase section */

/* Begin PBXSourcesBuildPhase section */
		6C65063023B85BF500A3712C /* Sources */ = {
			isa = PBXSourcesBuildPhase;
			buildActionMask = 2147483647;
			files = (
				6C65064C23B8610200A3712C /* SearchVC.swift in Sources */,
				6C65065023B8647700A3712C /* GFButton.swift in Sources */,
				6C89C70223BC3D3A00D438BE /* UIViewController+Ext.swift in Sources */,
				6C65064E23B8613500A3712C /* FavoritesListVC.swift in Sources */,
				6C65063823B85BF500A3712C /* AppDelegate.swift in Sources */,
				6C8C2B2A23CD671F00DD8FCF /* GFEmptyStateView.swift in Sources */,
				6C89C6F823BC29A500D438BE /* FollowerListVC.swift in Sources */,
				6C5433EE23F4E02100E4153D /* GFSecondaryTitleLabel.swift in Sources */,
				6C398D2023F65AE00084CE2D /* GFItemInfoView.swift in Sources */,
				6C29EF7423FA662A00E78A39 /* Date+Ext.swift in Sources */,
				6CB6536323C187EB003718F4 /* User.swift in Sources */,
				6C8C2B2E23CD81E500DD8FCF /* GFError.swift in Sources */,
				6C2A7078240B6C06008DC368 /* PersistenceManager.swift in Sources */,
				6C2A707A240B748E008DC368 /* FavoriteCell.swift in Sources */,
				6CD5143C23CC0A3100D533D8 /* FollowerCell.swift in Sources */,
				6C29EF6F23FA602700E78A39 /* GFRepoItemVC.swift in Sources */,
				6C70FFF5240B9DC5009F9CF3 /* GFAlertContainerView.swift in Sources */,
				6CD5143E23CC0A8900D533D8 /* GFAvatarImageView.swift in Sources */,
				6C398D1E23F63A170084CE2D /* UIView+Ext.swift in Sources */,
				6C89C70023BC369200D438BE /* GFAlertVC.swift in Sources */,
				6C8C2B2C23CD7C4800DD8FCF /* UserInfoVC.swift in Sources */,
				6CEE0097240CC3370079BD7B /* UITableView+Ext.swift in Sources */,
				6CB6536123C18770003718F4 /* Follower.swift in Sources */,
				6C65063A23B85BF500A3712C /* SceneDelegate.swift in Sources */,
				6C70FFF7240BA487009F9CF3 /* GFDataLoadingVC.swift in Sources */,
				6C29EF6D23FA5DEE00E78A39 /* GFItemInfoVC.swift in Sources */,
				6C5433EC23F4DFEF00E4153D /* GFUserInfoHeaderVC.swift in Sources */,
				6C89C6FA23BC2D3E00D438BE /* String+Ext.swift in Sources */,
				6C89C6FC23BC34B500D438BE /* GFTitleLabel.swift in Sources */,
				6CD5144023CC2F9100D533D8 /* UIHelper.swift in Sources */,
				6C29EF7123FA61D800E78A39 /* GFFollowerItemVC.swift in Sources */,
				6CB6536623C18B25003718F4 /* NetworkManager.swift in Sources */,
				6C65065223B866F800A3712C /* GFTextField.swift in Sources */,
				6C89C6FE23BC35DB00D438BE /* GFBodyLabel.swift in Sources */,
				6C5433F023F4E74700E4153D /* Constants.swift in Sources */,
				6C70FFF3240B94B6009F9CF3 /* GFTabBarController.swift in Sources */,
			);
			runOnlyForDeploymentPostprocessing = 0;
		};
/* End PBXSourcesBuildPhase section */

/* Begin PBXVariantGroup section */
		6C65064223B85BF700A3712C /* LaunchScreen.storyboard */ = {
			isa = PBXVariantGroup;
			children = (
				6C65064323B85BF700A3712C /* Base */,
			);
			name = LaunchScreen.storyboard;
			sourceTree = "<group>";
		};
/* End PBXVariantGroup section */

/* Begin XCBuildConfiguration section */
		6C65064623B85BF700A3712C /* Debug */ = {
			isa = XCBuildConfiguration;
			buildSettings = {
				ALWAYS_SEARCH_USER_PATHS = NO;
				CLANG_ANALYZER_NONNULL = YES;
				CLANG_ANALYZER_NUMBER_OBJECT_CONVERSION = YES_AGGRESSIVE;
				CLANG_CXX_LANGUAGE_STANDARD = "gnu++14";
				CLANG_CXX_LIBRARY = "libc++";
				CLANG_ENABLE_MODULES = YES;
				CLANG_ENABLE_OBJC_ARC = YES;
				CLANG_ENABLE_OBJC_WEAK = YES;
				CLANG_WARN_BLOCK_CAPTURE_AUTORELEASING = YES;
				CLANG_WARN_BOOL_CONVERSION = YES;
				CLANG_WARN_COMMA = YES;
				CLANG_WARN_CONSTANT_CONVERSION = YES;
				CLANG_WARN_DEPRECATED_OBJC_IMPLEMENTATIONS = YES;
				CLANG_WARN_DIRECT_OBJC_ISA_USAGE = YES_ERROR;
				CLANG_WARN_DOCUMENTATION_COMMENTS = YES;
				CLANG_WARN_EMPTY_BODY = YES;
				CLANG_WARN_ENUM_CONVERSION = YES;
				CLANG_WARN_INFINITE_RECURSION = YES;
				CLANG_WARN_INT_CONVERSION = YES;
				CLANG_WARN_NON_LITERAL_NULL_CONVERSION = YES;
				CLANG_WARN_OBJC_IMPLICIT_RETAIN_SELF = YES;
				CLANG_WARN_OBJC_LITERAL_CONVERSION = YES;
				CLANG_WARN_OBJC_ROOT_CLASS = YES_ERROR;
				CLANG_WARN_RANGE_LOOP_ANALYSIS = YES;
				CLANG_WARN_STRICT_PROTOTYPES = YES;
				CLANG_WARN_SUSPICIOUS_MOVE = YES;
				CLANG_WARN_UNGUARDED_AVAILABILITY = YES_AGGRESSIVE;
				CLANG_WARN_UNREACHABLE_CODE = YES;
				CLANG_WARN__DUPLICATE_METHOD_MATCH = YES;
				COPY_PHASE_STRIP = NO;
				DEBUG_INFORMATION_FORMAT = dwarf;
				ENABLE_STRICT_OBJC_MSGSEND = YES;
				ENABLE_TESTABILITY = YES;
				GCC_C_LANGUAGE_STANDARD = gnu11;
				GCC_DYNAMIC_NO_PIC = NO;
				GCC_NO_COMMON_BLOCKS = YES;
				GCC_OPTIMIZATION_LEVEL = 0;
				GCC_PREPROCESSOR_DEFINITIONS = (
					"DEBUG=1",
					"$(inherited)",
				);
				GCC_WARN_64_TO_32_BIT_CONVERSION = YES;
				GCC_WARN_ABOUT_RETURN_TYPE = YES_ERROR;
				GCC_WARN_UNDECLARED_SELECTOR = YES;
				GCC_WARN_UNINITIALIZED_AUTOS = YES_AGGRESSIVE;
				GCC_WARN_UNUSED_FUNCTION = YES;
				GCC_WARN_UNUSED_VARIABLE = YES;
				IPHONEOS_DEPLOYMENT_TARGET = 13.2;
				MTL_ENABLE_DEBUG_INFO = INCLUDE_SOURCE;
				MTL_FAST_MATH = YES;
				ONLY_ACTIVE_ARCH = YES;
				SDKROOT = iphoneos;
				SWIFT_ACTIVE_COMPILATION_CONDITIONS = DEBUG;
				SWIFT_OPTIMIZATION_LEVEL = "-Onone";
			};
			name = Debug;
		};
		6C65064723B85BF700A3712C /* Release */ = {
			isa = XCBuildConfiguration;
			buildSettings = {
				ALWAYS_SEARCH_USER_PATHS = NO;
				CLANG_ANALYZER_NONNULL = YES;
				CLANG_ANALYZER_NUMBER_OBJECT_CONVERSION = YES_AGGRESSIVE;
				CLANG_CXX_LANGUAGE_STANDARD = "gnu++14";
				CLANG_CXX_LIBRARY = "libc++";
				CLANG_ENABLE_MODULES = YES;
				CLANG_ENABLE_OBJC_ARC = YES;
				CLANG_ENABLE_OBJC_WEAK = YES;
				CLANG_WARN_BLOCK_CAPTURE_AUTORELEASING = YES;
				CLANG_WARN_BOOL_CONVERSION = YES;
				CLANG_WARN_COMMA = YES;
				CLANG_WARN_CONSTANT_CONVERSION = YES;
				CLANG_WARN_DEPRECATED_OBJC_IMPLEMENTATIONS = YES;
				CLANG_WARN_DIRECT_OBJC_ISA_USAGE = YES_ERROR;
				CLANG_WARN_DOCUMENTATION_COMMENTS = YES;
				CLANG_WARN_EMPTY_BODY = YES;
				CLANG_WARN_ENUM_CONVERSION = YES;
				CLANG_WARN_INFINITE_RECURSION = YES;
				CLANG_WARN_INT_CONVERSION = YES;
				CLANG_WARN_NON_LITERAL_NULL_CONVERSION = YES;
				CLANG_WARN_OBJC_IMPLICIT_RETAIN_SELF = YES;
				CLANG_WARN_OBJC_LITERAL_CONVERSION = YES;
				CLANG_WARN_OBJC_ROOT_CLASS = YES_ERROR;
				CLANG_WARN_RANGE_LOOP_ANALYSIS = YES;
				CLANG_WARN_STRICT_PROTOTYPES = YES;
				CLANG_WARN_SUSPICIOUS_MOVE = YES;
				CLANG_WARN_UNGUARDED_AVAILABILITY = YES_AGGRESSIVE;
				CLANG_WARN_UNREACHABLE_CODE = YES;
				CLANG_WARN__DUPLICATE_METHOD_MATCH = YES;
				COPY_PHASE_STRIP = NO;
				DEBUG_INFORMATION_FORMAT = "dwarf-with-dsym";
				ENABLE_NS_ASSERTIONS = NO;
				ENABLE_STRICT_OBJC_MSGSEND = YES;
				GCC_C_LANGUAGE_STANDARD = gnu11;
				GCC_NO_COMMON_BLOCKS = YES;
				GCC_WARN_64_TO_32_BIT_CONVERSION = YES;
				GCC_WARN_ABOUT_RETURN_TYPE = YES_ERROR;
				GCC_WARN_UNDECLARED_SELECTOR = YES;
				GCC_WARN_UNINITIALIZED_AUTOS = YES_AGGRESSIVE;
				GCC_WARN_UNUSED_FUNCTION = YES;
				GCC_WARN_UNUSED_VARIABLE = YES;
				IPHONEOS_DEPLOYMENT_TARGET = 13.2;
				MTL_ENABLE_DEBUG_INFO = NO;
				MTL_FAST_MATH = YES;
				SDKROOT = iphoneos;
				SWIFT_COMPILATION_MODE = wholemodule;
				SWIFT_OPTIMIZATION_LEVEL = "-O";
				VALIDATE_PRODUCT = YES;
			};
			name = Release;
		};
		6C65064923B85BF700A3712C /* Debug */ = {
			isa = XCBuildConfiguration;
			buildSettings = {
				ASSETCATALOG_COMPILER_APPICON_NAME = AppIcon;
				CODE_SIGN_STYLE = Automatic;
				DEVELOPMENT_TEAM = 58B9M9NL9X;
				INFOPLIST_FILE = GHFollowers/Info.plist;
				LD_RUNPATH_SEARCH_PATHS = (
					"$(inherited)",
					"@executable_path/Frameworks",
				);
				PRODUCT_BUNDLE_IDENTIFIER = com.sonnenstudio.GHFollowers;
				PRODUCT_NAME = "$(TARGET_NAME)";
				SWIFT_VERSION = 5.0;
				TARGETED_DEVICE_FAMILY = 1;
			};
			name = Debug;
		};
		6C65064A23B85BF700A3712C /* Release */ = {
			isa = XCBuildConfiguration;
			buildSettings = {
				ASSETCATALOG_COMPILER_APPICON_NAME = AppIcon;
				CODE_SIGN_STYLE = Automatic;
				DEVELOPMENT_TEAM = 58B9M9NL9X;
				INFOPLIST_FILE = GHFollowers/Info.plist;
				LD_RUNPATH_SEARCH_PATHS = (
					"$(inherited)",
					"@executable_path/Frameworks",
				);
				PRODUCT_BUNDLE_IDENTIFIER = com.sonnenstudio.GHFollowers;
				PRODUCT_NAME = "$(TARGET_NAME)";
				SWIFT_VERSION = 5.0;
				TARGETED_DEVICE_FAMILY = 1;
			};
			name = Release;
		};
/* End XCBuildConfiguration section */

/* Begin XCConfigurationList section */
		6C65062F23B85BF500A3712C /* Build configuration list for PBXProject "GHFollowers" */ = {
			isa = XCConfigurationList;
			buildConfigurations = (
				6C65064623B85BF700A3712C /* Debug */,
				6C65064723B85BF700A3712C /* Release */,
			);
			defaultConfigurationIsVisible = 0;
			defaultConfigurationName = Release;
		};
		6C65064823B85BF700A3712C /* Build configuration list for PBXNativeTarget "GHFollowers" */ = {
			isa = XCConfigurationList;
			buildConfigurations = (
				6C65064923B85BF700A3712C /* Debug */,
				6C65064A23B85BF700A3712C /* Release */,
			);
			defaultConfigurationIsVisible = 0;
			defaultConfigurationName = Release;
		};
/* End XCConfigurationList section */
	};
	rootObject = 6C65062C23B85BF500A3712C /* Project object */;
}
